
Microsoft Visual Studio Solution File, Format Version 12.00
# Visual Studio Version 17
VisualStudioVersion = 17.0.31903.59
MinimumVisualStudioVersion = 10.0.40219.1
Project("{FAE04EC0-301F-11D3-BF4B-00C04F79EFBC}") = "Backend", "Backend\Backend.csproj", "{C11AE6A4-2968-4B90-82F2-F50C9D418146}"
EndProject
Project("{FAE04EC0-301F-11D3-BF4B-00C04F79EFBC}") = "Models", "Models\Models.csproj", "{79CE13CD-437E-449D-8F4A-D9F4E84841BE}"
EndProject
Global
	GlobalSection(SolutionConfigurationPlatforms) = preSolution
		Debug|Any CPU = Debug|Any CPU
		Release|Any CPU = Release|Any CPU
	EndGlobalSection
	GlobalSection(SolutionProperties) = preSolution
		HideSolutionNode = FALSE
	EndGlobalSection
	GlobalSection(ProjectConfigurationPlatforms) = postSolution
		{C11AE6A4-2968-4B90-82F2-F50C9D418146}.Debug|Any CPU.ActiveCfg = Debug|Any CPU
		{C11AE6A4-2968-4B90-82F2-F50C9D418146}.Debug|Any CPU.Build.0 = Debug|Any CPU
		{C11AE6A4-2968-4B90-82F2-F50C9D418146}.Release|Any CPU.ActiveCfg = Release|Any CPU
		{C11AE6A4-2968-4B90-82F2-F50C9D418146}.Release|Any CPU.Build.0 = Release|Any CPU
		{79CE13CD-437E-449D-8F4A-D9F4E84841BE}.Debug|Any CPU.ActiveCfg = Debug|Any CPU
		{79CE13CD-437E-449D-8F4A-D9F4E84841BE}.Debug|Any CPU.Build.0 = Debug|Any CPU
		{79CE13CD-437E-449D-8F4A-D9F4E84841BE}.Release|Any CPU.ActiveCfg = Release|Any CPU
		{79CE13CD-437E-449D-8F4A-D9F4E84841BE}.Release|Any CPU.Build.0 = Release|Any CPU
	EndGlobalSection
EndGlobal
